{
  "name": "uma_project",
  "version": "1.0.0",
  "lockfileVersion": 3,
  "requires": true,
  "packages": {
    "": {
      "name": "uma_project",
      "version": "1.0.0",
      "license": "ISC",
      "devDependencies": {
        "bun": "^1.1.24"
      }
    },
    "node_modules/@oven/bun-darwin-aarch64": {
      "version": "1.1.24",
      "resolved": "https://registry.npmjs.org/@oven/bun-darwin-aarch64/-/bun-darwin-aarch64-1.1.24.tgz",
      "integrity": "sha512-tT4omX5C9X4tlS0uLiypb6uECTbKjg3/dRNBjAROyL8tLJdndNR0SksfS7IQz0vD4zzifk98ZEsDML4gt+LFgQ==",
      "cpu": [
        "arm64"
      ],
      "dev": true,
      "license": "MIT",
      "optional": true,
      "os": [
        "darwin"
      ]
    },
    "node_modules/@oven/bun-darwin-x64": {
      "version": "1.1.24",
      "resolved": "https://registry.npmjs.org/@oven/bun-darwin-x64/-/bun-darwin-x64-1.1.24.tgz",
      "integrity": "sha512-jSt9jL0mE1zh/8OEWR6fdnGaDF8iWnMwd2a4N2qRuWcr8/QCEjvfK4iJPaJ6f8W06z01CxO5+O4pMF94s6z3pw==",
      "cpu": [
        "x64"
      ],
      "dev": true,
      "license": "MIT",
      "optional": true,
      "os": [
        "darwin"
      ]
    },
    "node_modules/@oven/bun-darwin-x64-baseline": {
      "version": "1.1.24",
      "resolved": "https://registry.npmjs.org/@oven/bun-darwin-x64-baseline/-/bun-darwin-x64-baseline-1.1.24.tgz",
      "integrity": "sha512-jp7VhUDNA58scDHF8CKSClUdeWmWGiCWwxcrqs/81jNiARKCb+wjy+nEXWjc8KOB45NAhGaB3BBbl6EM3GzIDw==",
      "cpu": [
        "x64"
      ],
      "dev": true,
      "license": "MIT",
      "optional": true,
      "os": [
        "darwin"
      ]
    },
    "node_modules/@oven/bun-linux-aarch64": {
      "version": "1.1.24",
      "resolved": "https://registry.npmjs.org/@oven/bun-linux-aarch64/-/bun-linux-aarch64-1.1.24.tgz",
      "integrity": "sha512-yw/OHSEqygnWJelfuXJP3hSjNVzJ7adxL/Z9vxQPMYi7c7zdfMiggoH9V4U1VIcggfoMH1Gfc5lVpKowuJsSBA==",
      "cpu": [
        "arm64"
      ],
      "dev": true,
      "license": "MIT",
      "optional": true,
      "os": [
        "linux"
      ]
    },
    "node_modules/@oven/bun-linux-x64": {
      "version": "1.1.24",
      "resolved": "https://registry.npmjs.org/@oven/bun-linux-x64/-/bun-linux-x64-1.1.24.tgz",
      "integrity": "sha512-U8j716mLJFG5KsFypWgE+uNULo3Y5R0tgP7vEPnPAL4lvwt7IM4Jg1LyxzcEm0jDVrJU3TNaYsu4bsxVVAxmSg==",
      "cpu": [
        "x64"
      ],
      "dev": true,
      "license": "MIT",
      "optional": true,
      "os": [
        "linux"
      ]
    },
    "node_modules/@oven/bun-linux-x64-baseline": {
      "version": "1.1.24",
      "resolved": "https://registry.npmjs.org/@oven/bun-linux-x64-baseline/-/bun-linux-x64-baseline-1.1.24.tgz",
      "integrity": "sha512-L2p9MOY7ug1RzaMYcAknEefMPw+w0LPR9qv780G/SO0uBe1JGl3IzO6/hsPnjj65uT/nNuR+YJXeZbH6p1iwfQ==",
      "cpu": [
        "x64"
      ],
      "dev": true,
      "license": "MIT",
      "optional": true,
      "os": [
        "linux"
      ]
    },
    "node_modules/@oven/bun-windows-x64": {
      "version": "1.1.24",
      "resolved": "https://registry.npmjs.org/@oven/bun-windows-x64/-/bun-windows-x64-1.1.24.tgz",
      "integrity": "sha512-8DWCMsavfxAYuJRMRV5M8Tkhttjh/vJo9DEIEBVOfKbKQHoqOnlmXgK7FBPNTqyVzKpmv+W80bTrRoxlnTnk7A==",
      "cpu": [
        "x64"
      ],
      "dev": true,
      "license": "MIT",
      "optional": true,
      "os": [
        "win32"
      ]
    },
    "node_modules/@oven/bun-windows-x64-baseline": {
      "version": "1.1.24",
      "resolved": "https://registry.npmjs.org/@oven/bun-windows-x64-baseline/-/bun-windows-x64-baseline-1.1.24.tgz",
      "integrity": "sha512-Yznr5LJb8Q3MoyG9dM3UosnJSHwOe8AL1AA9fpkVC+TdTl6lmXxjk6JUsE4THQDloRYGN9eqpLLJbK7O6t0aUQ==",
      "cpu": [
        "x64"
      ],
      "dev": true,
      "license": "MIT",
      "optional": true,
      "os": [
        "win32"
      ]
    },
    "node_modules/bun": {
      "version": "1.1.24",
      "resolved": "https://registry.npmjs.org/bun/-/bun-1.1.24.tgz",
      "integrity": "sha512-vZt5zNVaoNTSlNprdVdQVZInBcGC2QSik6o9ZsMzuYiiUEAEqpRwwMXAYDUN85mt2FNnsGvmk/8xVlUXS7IzEw==",
      "cpu": [
        "arm64",
        "x64"
      ],
      "dev": true,
      "hasInstallScript": true,
      "license": "MIT",
      "os": [
        "darwin",
        "linux",
        "win32"
      ],
      "bin": {
        "bun": "bin/bun.exe",
        "bunx": "bin/bun.exe"
      },
      "optionalDependencies": {
        "@oven/bun-darwin-aarch64": "1.1.24",
        "@oven/bun-darwin-x64": "1.1.24",
        "@oven/bun-darwin-x64-baseline": "1.1.24",
        "@oven/bun-linux-aarch64": "1.1.24",
        "@oven/bun-linux-x64": "1.1.24",
        "@oven/bun-linux-x64-baseline": "1.1.24",
        "@oven/bun-windows-x64": "1.1.24",
        "@oven/bun-windows-x64-baseline": "1.1.24"
      }
    }
  }
}
